
Microsoft Visual Studio Solution File, Format Version 12.00
# Visual Studio Version 16
VisualStudioVersion = 16.0.33801.447
MinimumVisualStudioVersion = 10.0.40219.1
Project("{FAE04EC0-301F-11D3-BF4B-00C04F79EFBC}") = "Assignment1-HospitalManagement", "Assignment1-HospitalManagement\Assignment1-HospitalManagement.csproj", "{A7508B1F-BE54-421C-AC76-8A6AD5C18804}"
EndProject
Global
	GlobalSection(SolutionConfigurationPlatforms) = preSolution
		Debug|Any CPU = Debug|Any CPU
		Release|Any CPU = Release|Any CPU
	EndGlobalSection
	GlobalSection(ProjectConfigurationPlatforms) = postSolution
		{A7508B1F-BE54-421C-AC76-8A6AD5C18804}.Debug|Any CPU.ActiveCfg = Debug|Any CPU
		{A7508B1F-BE54-421C-AC76-8A6AD5C18804}.Debug|Any CPU.Build.0 = Debug|Any CPU
		{A7508B1F-BE54-421C-AC76-8A6AD5C18804}.Release|Any CPU.ActiveCfg = Release|Any CPU
		{A7508B1F-BE54-421C-AC76-8A6AD5C18804}.Release|Any CPU.Build.0 = Release|Any CPU
	EndGlobalSection
	GlobalSection(SolutionProperties) = preSolution
		HideSolutionNode = FALSE
	EndGlobalSection
	GlobalSection(ExtensibilityGlobals) = postSolution
		SolutionGuid = {05497838-533D-47D3-9236-A2B72332E889}
	EndGlobalSection
EndGlobal
